{
  "name": "libredwg",
  "version": "1.0.0",
  "lockfileVersion": 3,
  "requires": true,
  "packages": {
    "": {
      "name": "libredwg",
      "version": "1.0.0",
      "license": "ISC",
      "dependencies": {
        "@mlightcad/libredwg-web": "^0.1.5"
      }
    },
    "node_modules/@mlightcad/libredwg-web": {
      "version": "0.1.5",
      "resolved": "https://registry.npmjs.org/@mlightcad/libredwg-web/-/libredwg-web-0.1.5.tgz",
      "integrity": "sha512-OmQD0Gf7q7cBzg9yEnsYJutwz0vl157aeGG63elxtkX6cI/YDLuqNS3FjGt3dYs9XwtgAzpMQL/gAPhG5K+7jw==",
      "license": "GPL-2.0-only"
    }
  }
}
