{
  "name": "geometries",
  "version": "1.0.0",
  "lockfileVersion": 3,
  "requires": true,
  "packages": {
    "": {
      "name": "geometries",
      "version": "1.0.0",
      "license": "ISC",
      "dependencies": {
        "@mlightcad/libdxfrw-web": "^0.1.0"
      }
    },
    "node_modules/@mlightcad/libdxfrw-web": {
      "version": "0.1.0",
      "resolved": "https://registry.npmjs.org/@mlightcad/libdxfrw-web/-/libdxfrw-web-0.1.0.tgz",
      "integrity": "sha512-K7yXuiorDoqXSp6sKudeImMo/WMJHCARJuHFA0CyHmpVJMfo/QttVL6QBZ0rhELC79FUI7b8cQiOWtSc17RMhw==",
      "license": "GPL-2.0-only"
    }
  }
}
