{
  "name": "geometries",
  "version": "1.0.0",
  "lockfileVersion": 3,
  "requires": true,
  "packages": {
    "": {
      "name": "geometries",
      "version": "1.0.0",
      "license": "ISC",
      "dependencies": {
        "@mlightcad/libdxfrw-web": "^0.1.0",
        "d3-format": "^3.1.0",
        "object-hash": "^3.0.0",
        "umap-js": "^1.4.0"
      }
    },
    "node_modules/@mlightcad/libdxfrw-web": {
      "version": "0.1.0",
      "resolved": "https://registry.npmjs.org/@mlightcad/libdxfrw-web/-/libdxfrw-web-0.1.0.tgz",
      "integrity": "sha512-K7yXuiorDoqXSp6sKudeImMo/WMJHCARJuHFA0CyHmpVJMfo/QttVL6QBZ0rhELC79FUI7b8cQiOWtSc17RMhw==",
      "license": "GPL-2.0-only"
    },
    "node_modules/d3-format": {
      "version": "3.1.0",
      "resolved": "https://registry.npmjs.org/d3-format/-/d3-format-3.1.0.tgz",
      "integrity": "sha512-YyUI6AEuY/Wpt8KWLgZHsIU86atmikuoOmCfommt0LYHiQSPjvX2AcFc38PX0CBpr2RCyZhjex+NS/LPOv6YqA==",
      "license": "ISC",
      "engines": {
        "node": ">=12"
      }
    },
    "node_modules/is-any-array": {
      "version": "0.1.1",
      "resolved": "https://registry.npmjs.org/is-any-array/-/is-any-array-0.1.1.tgz",
      "integrity": "sha512-qTiELO+kpTKqPgxPYbshMERlzaFu29JDnpB8s3bjg+JkxBpw29/qqSaOdKv2pCdaG92rLGeG/zG2GauX58hfoA==",
      "license": "MIT"
    },
    "node_modules/ml-array-max": {
      "version": "1.2.4",
      "resolved": "https://registry.npmjs.org/ml-array-max/-/ml-array-max-1.2.4.tgz",
      "integrity": "sha512-BlEeg80jI0tW6WaPyGxf5Sa4sqvcyY6lbSn5Vcv44lp1I2GR6AWojfUvLnGTNsIXrZ8uqWmo8VcG1WpkI2ONMQ==",
      "license": "MIT",
      "dependencies": {
        "is-any-array": "^2.0.0"
      }
    },
    "node_modules/ml-array-max/node_modules/is-any-array": {
      "version": "2.0.1",
      "resolved": "https://registry.npmjs.org/is-any-array/-/is-any-array-2.0.1.tgz",
      "integrity": "sha512-UtilS7hLRu++wb/WBAw9bNuP1Eg04Ivn1vERJck8zJthEvXCBEBpGR/33u/xLKWEQf95803oalHrVDptcAvFdQ==",
      "license": "MIT"
    },
    "node_modules/ml-array-min": {
      "version": "1.2.3",
      "resolved": "https://registry.npmjs.org/ml-array-min/-/ml-array-min-1.2.3.tgz",
      "integrity": "sha512-VcZ5f3VZ1iihtrGvgfh/q0XlMobG6GQ8FsNyQXD3T+IlstDv85g8kfV0xUG1QPRO/t21aukaJowDzMTc7j5V6Q==",
      "license": "MIT",
      "dependencies": {
        "is-any-array": "^2.0.0"
      }
    },
    "node_modules/ml-array-min/node_modules/is-any-array": {
      "version": "2.0.1",
      "resolved": "https://registry.npmjs.org/is-any-array/-/is-any-array-2.0.1.tgz",
      "integrity": "sha512-UtilS7hLRu++wb/WBAw9bNuP1Eg04Ivn1vERJck8zJthEvXCBEBpGR/33u/xLKWEQf95803oalHrVDptcAvFdQ==",
      "license": "MIT"
    },
    "node_modules/ml-array-rescale": {
      "version": "1.3.7",
      "resolved": "https://registry.npmjs.org/ml-array-rescale/-/ml-array-rescale-1.3.7.tgz",
      "integrity": "sha512-48NGChTouvEo9KBctDfHC3udWnQKNKEWN0ziELvY3KG25GR5cA8K8wNVzracsqSW1QEkAXjTNx+ycgAv06/1mQ==",
      "license": "MIT",
      "dependencies": {
        "is-any-array": "^2.0.0",
        "ml-array-max": "^1.2.4",
        "ml-array-min": "^1.2.3"
      }
    },
    "node_modules/ml-array-rescale/node_modules/is-any-array": {
      "version": "2.0.1",
      "resolved": "https://registry.npmjs.org/is-any-array/-/is-any-array-2.0.1.tgz",
      "integrity": "sha512-UtilS7hLRu++wb/WBAw9bNuP1Eg04Ivn1vERJck8zJthEvXCBEBpGR/33u/xLKWEQf95803oalHrVDptcAvFdQ==",
      "license": "MIT"
    },
    "node_modules/ml-levenberg-marquardt": {
      "version": "2.1.1",
      "resolved": "https://registry.npmjs.org/ml-levenberg-marquardt/-/ml-levenberg-marquardt-2.1.1.tgz",
      "integrity": "sha512-2+HwUqew4qFFFYujYlQtmFUrxCB4iJAPqnUYro3P831wj70eJZcANwcRaIMGUVaH9NDKzfYuA4N5u67KExmaRA==",
      "license": "MIT",
      "dependencies": {
        "is-any-array": "^0.1.0",
        "ml-matrix": "^6.4.1"
      }
    },
    "node_modules/ml-matrix": {
      "version": "6.12.1",
      "resolved": "https://registry.npmjs.org/ml-matrix/-/ml-matrix-6.12.1.tgz",
      "integrity": "sha512-TJ+8eOFdp+INvzR4zAuwBQJznDUfktMtOB6g/hUcGh3rcyjxbz4Te57Pgri8Q9bhSQ7Zys4IYOGhFdnlgeB6Lw==",
      "license": "MIT",
      "dependencies": {
        "is-any-array": "^2.0.1",
        "ml-array-rescale": "^1.3.7"
      }
    },
    "node_modules/ml-matrix/node_modules/is-any-array": {
      "version": "2.0.1",
      "resolved": "https://registry.npmjs.org/is-any-array/-/is-any-array-2.0.1.tgz",
      "integrity": "sha512-UtilS7hLRu++wb/WBAw9bNuP1Eg04Ivn1vERJck8zJthEvXCBEBpGR/33u/xLKWEQf95803oalHrVDptcAvFdQ==",
      "license": "MIT"
    },
    "node_modules/object-hash": {
      "version": "3.0.0",
      "resolved": "https://registry.npmjs.org/object-hash/-/object-hash-3.0.0.tgz",
      "integrity": "sha512-RSn9F68PjH9HqtltsSnqYC1XXoWe9Bju5+213R98cNGttag9q9yAOTzdbsqvIa7aNm5WffBZFpWYr2aWrklWAw==",
      "license": "MIT",
      "engines": {
        "node": ">= 6"
      }
    },
    "node_modules/umap-js": {
      "version": "1.4.0",
      "resolved": "https://registry.npmjs.org/umap-js/-/umap-js-1.4.0.tgz",
      "integrity": "sha512-xxpviF9wUO6Nxrx+C58SoDgea+h2PnVaRPKDelWv0HotmY6BeWeh0kAPJoumfqUkzUvowGsYfMbnsWI0b9do+A==",
      "license": "MIT",
      "dependencies": {
        "ml-levenberg-marquardt": "^2.0.0"
      }
    }
  }
}
